
Microsoft Visual Studio Solution File, Format Version 12.00
# Visual Studio Version 16
VisualStudioVersion = 16.0.30717.126
MinimumVisualStudioVersion = 15.0.26124.0
Project("{9A19103F-16F7-4668-BE54-9A1E7A4F7556}") = "01-ReportRepair", "01-ReportRepair\01-ReportRepair.csproj", "{C1FA0CB8-FC57-46D0-B253-E9FAEDAE5DB3}"
EndProject
Project("{9A19103F-16F7-4668-BE54-9A1E7A4F7556}") = "02-PasswordPhilosophy", "02-PasswordPhilosophy\02-PasswordPhilosophy.csproj", "{C372B265-A035-41CA-82B3-3FA7ADE4F8B2}"
EndProject
Project("{9A19103F-16F7-4668-BE54-9A1E7A4F7556}") = "03-TobogganTrajectory", "03-TobogganTrajectory\03-TobogganTrajectory.csproj", "{88C1696F-D187-4B7C-9A7C-BBE9025969D9}"
EndProject
Project("{9A19103F-16F7-4668-BE54-9A1E7A4F7556}") = "03-TobogganTrajectory.Tests", "03-TobogganTrajectory.Tests\03-TobogganTrajectory.Tests.csproj", "{73F7CD6C-473C-4837-B96E-ECE61B268C31}"
EndProject
Project("{9A19103F-16F7-4668-BE54-9A1E7A4F7556}") = "Tools", "Tools\Tools.csproj", "{F33FEF77-C130-450A-AAF1-D7D218BE201D}"
EndProject
Project("{9A19103F-16F7-4668-BE54-9A1E7A4F7556}") = "Tools.Tests", "Tools.Tests\Tools.Tests.csproj", "{F8088611-DA22-4465-B530-036580533DDC}"
EndProject
Project("{9A19103F-16F7-4668-BE54-9A1E7A4F7556}") = "01-ReportRepair.Tests", "01-ReportRepair.tests\01-ReportRepair.Tests.csproj", "{14E5B67F-7C5E-4A4D-9DA9-BF837A3FD979}"
EndProject
Project("{9A19103F-16F7-4668-BE54-9A1E7A4F7556}") = "02-PasswordPhilosophy.Tests", "02-PasswordPhilosophy.Tests\02-PasswordPhilosophy.Tests.csproj", "{90544902-E446-4565-ABDD-CC8A38BEF11A}"
EndProject
Project("{9A19103F-16F7-4668-BE54-9A1E7A4F7556}") = "04-PassportProcessing", "04-PassportProcessing\04-PassportProcessing.csproj", "{D9E84621-6FE7-4870-B4E4-EF3EF9D079B0}"
EndProject
Project("{9A19103F-16F7-4668-BE54-9A1E7A4F7556}") = "04-PassportProcessing.Tests", "04-PassportProcessing.Tests\04-PassportProcessing.Tests.csproj", "{5F68EA03-FBF7-47E4-A49C-7BFB69806FC1}"
EndProject
Project("{9A19103F-16F7-4668-BE54-9A1E7A4F7556}") = "05-BinaryBoarding", "05-BinaryBoarding\05-BinaryBoarding.csproj", "{69D76EB1-28CF-43BF-AD0E-486D76A401EE}"
EndProject
Project("{9A19103F-16F7-4668-BE54-9A1E7A4F7556}") = "05-BinaryBoarding.Tests", "05-BinaryBoarding.Tests\05-BinaryBoarding.Tests.csproj", "{031A37F6-6EA8-4A6E-90DF-D88150366AE1}"
EndProject
Project("{9A19103F-16F7-4668-BE54-9A1E7A4F7556}") = "06-CustomCustoms", "06-CustomCustoms\06-CustomCustoms.csproj", "{E73EB22C-827D-4F4F-8860-E0DD0B3CFD0E}"
EndProject
Project("{9A19103F-16F7-4668-BE54-9A1E7A4F7556}") = "06-CustomCustoms.Tests", "06-CustomCustoms.Tests\06-CustomCustoms.Tests.csproj", "{6E2881DE-ACE7-4667-94FF-CAB45969BBFE}"
EndProject
Project("{FAE04EC0-301F-11D3-BF4B-00C04F79EFBC}") = "07-HandyHaversacks", "07-HandyHaversacks\07-HandyHaversacks.csproj", "{6FC7B57E-FD71-4DC5-B262-567D762CD996}"
EndProject
Project("{FAE04EC0-301F-11D3-BF4B-00C04F79EFBC}") = "07-HandyHaversacks.Tests", "07-HandyHaversacks.Tests\07-HandyHaversacks.Tests.csproj", "{F19890AC-9CB1-4091-A67A-A8297587C169}"
EndProject
Project("{FAE04EC0-301F-11D3-BF4B-00C04F79EFBC}") = "08-HandheldHalting", "08-HandheldHalting\08-HandheldHalting.csproj", "{E573BCBD-4DC1-4CAC-813F-CE1089DB43E5}"
EndProject
Project("{FAE04EC0-301F-11D3-BF4B-00C04F79EFBC}") = "08-HandheldHalting.Tests", "08-HandheldHalting.Tests\08-HandheldHalting.Tests.csproj", "{DA82AE31-4A1C-488C-9987-76CF4D2B643C}"
EndProject
Project("{FAE04EC0-301F-11D3-BF4B-00C04F79EFBC}") = "09-EncodingError", "09-EncodingError\09-EncodingError.csproj", "{5AB0B01D-6F8C-4766-8719-C4014ADFF4BB}"
EndProject
Project("{FAE04EC0-301F-11D3-BF4B-00C04F79EFBC}") = "09-EncodingError.Tests", "09-EncodingError.Tests\09-EncodingError.Tests.csproj", "{4652F902-F30A-4EBC-BE25-2EFE0587FD05}"
EndProject
Project("{FAE04EC0-301F-11D3-BF4B-00C04F79EFBC}") = "10-AdapterArray", "10-AdapterArray\10-AdapterArray.csproj", "{A63496E9-2D20-4C48-82CB-9FE427F3CDD7}"
EndProject
Project("{FAE04EC0-301F-11D3-BF4B-00C04F79EFBC}") = "10-AdapterArray.Tests", "10-AdapterArray.Tests\10-AdapterArray.Tests.csproj", "{66A9F06D-C82A-44EB-875D-B046F18203DF}"
EndProject
Global
	GlobalSection(SolutionConfigurationPlatforms) = preSolution
		Debug|Any CPU = Debug|Any CPU
		Debug|x64 = Debug|x64
		Debug|x86 = Debug|x86
		Release|Any CPU = Release|Any CPU
		Release|x64 = Release|x64
		Release|x86 = Release|x86
	EndGlobalSection
	GlobalSection(ProjectConfigurationPlatforms) = postSolution
		{C1FA0CB8-FC57-46D0-B253-E9FAEDAE5DB3}.Debug|Any CPU.ActiveCfg = Debug|Any CPU
		{C1FA0CB8-FC57-46D0-B253-E9FAEDAE5DB3}.Debug|Any CPU.Build.0 = Debug|Any CPU
		{C1FA0CB8-FC57-46D0-B253-E9FAEDAE5DB3}.Debug|x64.ActiveCfg = Debug|Any CPU
		{C1FA0CB8-FC57-46D0-B253-E9FAEDAE5DB3}.Debug|x64.Build.0 = Debug|Any CPU
		{C1FA0CB8-FC57-46D0-B253-E9FAEDAE5DB3}.Debug|x86.ActiveCfg = Debug|Any CPU
		{C1FA0CB8-FC57-46D0-B253-E9FAEDAE5DB3}.Debug|x86.Build.0 = Debug|Any CPU
		{C1FA0CB8-FC57-46D0-B253-E9FAEDAE5DB3}.Release|Any CPU.ActiveCfg = Release|Any CPU
		{C1FA0CB8-FC57-46D0-B253-E9FAEDAE5DB3}.Release|Any CPU.Build.0 = Release|Any CPU
		{C1FA0CB8-FC57-46D0-B253-E9FAEDAE5DB3}.Release|x64.ActiveCfg = Release|Any CPU
		{C1FA0CB8-FC57-46D0-B253-E9FAEDAE5DB3}.Release|x64.Build.0 = Release|Any CPU
		{C1FA0CB8-FC57-46D0-B253-E9FAEDAE5DB3}.Release|x86.ActiveCfg = Release|Any CPU
		{C1FA0CB8-FC57-46D0-B253-E9FAEDAE5DB3}.Release|x86.Build.0 = Release|Any CPU
		{C372B265-A035-41CA-82B3-3FA7ADE4F8B2}.Debug|Any CPU.ActiveCfg = Debug|Any CPU
		{C372B265-A035-41CA-82B3-3FA7ADE4F8B2}.Debug|Any CPU.Build.0 = Debug|Any CPU
		{C372B265-A035-41CA-82B3-3FA7ADE4F8B2}.Debug|x64.ActiveCfg = Debug|Any CPU
		{C372B265-A035-41CA-82B3-3FA7ADE4F8B2}.Debug|x64.Build.0 = Debug|Any CPU
		{C372B265-A035-41CA-82B3-3FA7ADE4F8B2}.Debug|x86.ActiveCfg = Debug|Any CPU
		{C372B265-A035-41CA-82B3-3FA7ADE4F8B2}.Debug|x86.Build.0 = Debug|Any CPU
		{C372B265-A035-41CA-82B3-3FA7ADE4F8B2}.Release|Any CPU.ActiveCfg = Release|Any CPU
		{C372B265-A035-41CA-82B3-3FA7ADE4F8B2}.Release|Any CPU.Build.0 = Release|Any CPU
		{C372B265-A035-41CA-82B3-3FA7ADE4F8B2}.Release|x64.ActiveCfg = Release|Any CPU
		{C372B265-A035-41CA-82B3-3FA7ADE4F8B2}.Release|x64.Build.0 = Release|Any CPU
		{C372B265-A035-41CA-82B3-3FA7ADE4F8B2}.Release|x86.ActiveCfg = Release|Any CPU
		{C372B265-A035-41CA-82B3-3FA7ADE4F8B2}.Release|x86.Build.0 = Release|Any CPU
		{88C1696F-D187-4B7C-9A7C-BBE9025969D9}.Debug|Any CPU.ActiveCfg = Debug|Any CPU
		{88C1696F-D187-4B7C-9A7C-BBE9025969D9}.Debug|Any CPU.Build.0 = Debug|Any CPU
		{88C1696F-D187-4B7C-9A7C-BBE9025969D9}.Debug|x64.ActiveCfg = Debug|Any CPU
		{88C1696F-D187-4B7C-9A7C-BBE9025969D9}.Debug|x64.Build.0 = Debug|Any CPU
		{88C1696F-D187-4B7C-9A7C-BBE9025969D9}.Debug|x86.ActiveCfg = Debug|Any CPU
		{88C1696F-D187-4B7C-9A7C-BBE9025969D9}.Debug|x86.Build.0 = Debug|Any CPU
		{88C1696F-D187-4B7C-9A7C-BBE9025969D9}.Release|Any CPU.ActiveCfg = Release|Any CPU
		{88C1696F-D187-4B7C-9A7C-BBE9025969D9}.Release|Any CPU.Build.0 = Release|Any CPU
		{88C1696F-D187-4B7C-9A7C-BBE9025969D9}.Release|x64.ActiveCfg = Release|Any CPU
		{88C1696F-D187-4B7C-9A7C-BBE9025969D9}.Release|x64.Build.0 = Release|Any CPU
		{88C1696F-D187-4B7C-9A7C-BBE9025969D9}.Release|x86.ActiveCfg = Release|Any CPU
		{88C1696F-D187-4B7C-9A7C-BBE9025969D9}.Release|x86.Build.0 = Release|Any CPU
		{73F7CD6C-473C-4837-B96E-ECE61B268C31}.Debug|Any CPU.ActiveCfg = Debug|Any CPU
		{73F7CD6C-473C-4837-B96E-ECE61B268C31}.Debug|Any CPU.Build.0 = Debug|Any CPU
		{73F7CD6C-473C-4837-B96E-ECE61B268C31}.Debug|x64.ActiveCfg = Debug|Any CPU
		{73F7CD6C-473C-4837-B96E-ECE61B268C31}.Debug|x64.Build.0 = Debug|Any CPU
		{73F7CD6C-473C-4837-B96E-ECE61B268C31}.Debug|x86.ActiveCfg = Debug|Any CPU
		{73F7CD6C-473C-4837-B96E-ECE61B268C31}.Debug|x86.Build.0 = Debug|Any CPU
		{73F7CD6C-473C-4837-B96E-ECE61B268C31}.Release|Any CPU.ActiveCfg = Release|Any CPU
		{73F7CD6C-473C-4837-B96E-ECE61B268C31}.Release|Any CPU.Build.0 = Release|Any CPU
		{73F7CD6C-473C-4837-B96E-ECE61B268C31}.Release|x64.ActiveCfg = Release|Any CPU
		{73F7CD6C-473C-4837-B96E-ECE61B268C31}.Release|x64.Build.0 = Release|Any CPU
		{73F7CD6C-473C-4837-B96E-ECE61B268C31}.Release|x86.ActiveCfg = Release|Any CPU
		{73F7CD6C-473C-4837-B96E-ECE61B268C31}.Release|x86.Build.0 = Release|Any CPU
		{F33FEF77-C130-450A-AAF1-D7D218BE201D}.Debug|Any CPU.ActiveCfg = Debug|Any CPU
		{F33FEF77-C130-450A-AAF1-D7D218BE201D}.Debug|Any CPU.Build.0 = Debug|Any CPU
		{F33FEF77-C130-450A-AAF1-D7D218BE201D}.Debug|x64.ActiveCfg = Debug|Any CPU
		{F33FEF77-C130-450A-AAF1-D7D218BE201D}.Debug|x64.Build.0 = Debug|Any CPU
		{F33FEF77-C130-450A-AAF1-D7D218BE201D}.Debug|x86.ActiveCfg = Debug|Any CPU
		{F33FEF77-C130-450A-AAF1-D7D218BE201D}.Debug|x86.Build.0 = Debug|Any CPU
		{F33FEF77-C130-450A-AAF1-D7D218BE201D}.Release|Any CPU.ActiveCfg = Release|Any CPU
		{F33FEF77-C130-450A-AAF1-D7D218BE201D}.Release|Any CPU.Build.0 = Release|Any CPU
		{F33FEF77-C130-450A-AAF1-D7D218BE201D}.Release|x64.ActiveCfg = Release|Any CPU
		{F33FEF77-C130-450A-AAF1-D7D218BE201D}.Release|x64.Build.0 = Release|Any CPU
		{F33FEF77-C130-450A-AAF1-D7D218BE201D}.Release|x86.ActiveCfg = Release|Any CPU
		{F33FEF77-C130-450A-AAF1-D7D218BE201D}.Release|x86.Build.0 = Release|Any CPU
		{F8088611-DA22-4465-B530-036580533DDC}.Debug|Any CPU.ActiveCfg = Debug|Any CPU
		{F8088611-DA22-4465-B530-036580533DDC}.Debug|Any CPU.Build.0 = Debug|Any CPU
		{F8088611-DA22-4465-B530-036580533DDC}.Debug|x64.ActiveCfg = Debug|Any CPU
		{F8088611-DA22-4465-B530-036580533DDC}.Debug|x64.Build.0 = Debug|Any CPU
		{F8088611-DA22-4465-B530-036580533DDC}.Debug|x86.ActiveCfg = Debug|Any CPU
		{F8088611-DA22-4465-B530-036580533DDC}.Debug|x86.Build.0 = Debug|Any CPU
		{F8088611-DA22-4465-B530-036580533DDC}.Release|Any CPU.ActiveCfg = Release|Any CPU
		{F8088611-DA22-4465-B530-036580533DDC}.Release|Any CPU.Build.0 = Release|Any CPU
		{F8088611-DA22-4465-B530-036580533DDC}.Release|x64.ActiveCfg = Release|Any CPU
		{F8088611-DA22-4465-B530-036580533DDC}.Release|x64.Build.0 = Release|Any CPU
		{F8088611-DA22-4465-B530-036580533DDC}.Release|x86.ActiveCfg = Release|Any CPU
		{F8088611-DA22-4465-B530-036580533DDC}.Release|x86.Build.0 = Release|Any CPU
		{14E5B67F-7C5E-4A4D-9DA9-BF837A3FD979}.Debug|Any CPU.ActiveCfg = Debug|Any CPU
		{14E5B67F-7C5E-4A4D-9DA9-BF837A3FD979}.Debug|Any CPU.Build.0 = Debug|Any CPU
		{14E5B67F-7C5E-4A4D-9DA9-BF837A3FD979}.Debug|x64.ActiveCfg = Debug|Any CPU
		{14E5B67F-7C5E-4A4D-9DA9-BF837A3FD979}.Debug|x64.Build.0 = Debug|Any CPU
		{14E5B67F-7C5E-4A4D-9DA9-BF837A3FD979}.Debug|x86.ActiveCfg = Debug|Any CPU
		{14E5B67F-7C5E-4A4D-9DA9-BF837A3FD979}.Debug|x86.Build.0 = Debug|Any CPU
		{14E5B67F-7C5E-4A4D-9DA9-BF837A3FD979}.Release|Any CPU.ActiveCfg = Release|Any CPU
		{14E5B67F-7C5E-4A4D-9DA9-BF837A3FD979}.Release|Any CPU.Build.0 = Release|Any CPU
		{14E5B67F-7C5E-4A4D-9DA9-BF837A3FD979}.Release|x64.ActiveCfg = Release|Any CPU
		{14E5B67F-7C5E-4A4D-9DA9-BF837A3FD979}.Release|x64.Build.0 = Release|Any CPU
		{14E5B67F-7C5E-4A4D-9DA9-BF837A3FD979}.Release|x86.ActiveCfg = Release|Any CPU
		{14E5B67F-7C5E-4A4D-9DA9-BF837A3FD979}.Release|x86.Build.0 = Release|Any CPU
		{90544902-E446-4565-ABDD-CC8A38BEF11A}.Debug|Any CPU.ActiveCfg = Debug|Any CPU
		{90544902-E446-4565-ABDD-CC8A38BEF11A}.Debug|Any CPU.Build.0 = Debug|Any CPU
		{90544902-E446-4565-ABDD-CC8A38BEF11A}.Debug|x64.ActiveCfg = Debug|Any CPU
		{90544902-E446-4565-ABDD-CC8A38BEF11A}.Debug|x64.Build.0 = Debug|Any CPU
		{90544902-E446-4565-ABDD-CC8A38BEF11A}.Debug|x86.ActiveCfg = Debug|Any CPU
		{90544902-E446-4565-ABDD-CC8A38BEF11A}.Debug|x86.Build.0 = Debug|Any CPU
		{90544902-E446-4565-ABDD-CC8A38BEF11A}.Release|Any CPU.ActiveCfg = Release|Any CPU
		{90544902-E446-4565-ABDD-CC8A38BEF11A}.Release|Any CPU.Build.0 = Release|Any CPU
		{90544902-E446-4565-ABDD-CC8A38BEF11A}.Release|x64.ActiveCfg = Release|Any CPU
		{90544902-E446-4565-ABDD-CC8A38BEF11A}.Release|x64.Build.0 = Release|Any CPU
		{90544902-E446-4565-ABDD-CC8A38BEF11A}.Release|x86.ActiveCfg = Release|Any CPU
		{90544902-E446-4565-ABDD-CC8A38BEF11A}.Release|x86.Build.0 = Release|Any CPU
		{D9E84621-6FE7-4870-B4E4-EF3EF9D079B0}.Debug|Any CPU.ActiveCfg = Debug|Any CPU
		{D9E84621-6FE7-4870-B4E4-EF3EF9D079B0}.Debug|Any CPU.Build.0 = Debug|Any CPU
		{D9E84621-6FE7-4870-B4E4-EF3EF9D079B0}.Debug|x64.ActiveCfg = Debug|Any CPU
		{D9E84621-6FE7-4870-B4E4-EF3EF9D079B0}.Debug|x64.Build.0 = Debug|Any CPU
		{D9E84621-6FE7-4870-B4E4-EF3EF9D079B0}.Debug|x86.ActiveCfg = Debug|Any CPU
		{D9E84621-6FE7-4870-B4E4-EF3EF9D079B0}.Debug|x86.Build.0 = Debug|Any CPU
		{D9E84621-6FE7-4870-B4E4-EF3EF9D079B0}.Release|Any CPU.ActiveCfg = Release|Any CPU
		{D9E84621-6FE7-4870-B4E4-EF3EF9D079B0}.Release|Any CPU.Build.0 = Release|Any CPU
		{D9E84621-6FE7-4870-B4E4-EF3EF9D079B0}.Release|x64.ActiveCfg = Release|Any CPU
		{D9E84621-6FE7-4870-B4E4-EF3EF9D079B0}.Release|x64.Build.0 = Release|Any CPU
		{D9E84621-6FE7-4870-B4E4-EF3EF9D079B0}.Release|x86.ActiveCfg = Release|Any CPU
		{D9E84621-6FE7-4870-B4E4-EF3EF9D079B0}.Release|x86.Build.0 = Release|Any CPU
		{5F68EA03-FBF7-47E4-A49C-7BFB69806FC1}.Debug|Any CPU.ActiveCfg = Debug|Any CPU
		{5F68EA03-FBF7-47E4-A49C-7BFB69806FC1}.Debug|Any CPU.Build.0 = Debug|Any CPU
		{5F68EA03-FBF7-47E4-A49C-7BFB69806FC1}.Debug|x64.ActiveCfg = Debug|Any CPU
		{5F68EA03-FBF7-47E4-A49C-7BFB69806FC1}.Debug|x64.Build.0 = Debug|Any CPU
		{5F68EA03-FBF7-47E4-A49C-7BFB69806FC1}.Debug|x86.ActiveCfg = Debug|Any CPU
		{5F68EA03-FBF7-47E4-A49C-7BFB69806FC1}.Debug|x86.Build.0 = Debug|Any CPU
		{5F68EA03-FBF7-47E4-A49C-7BFB69806FC1}.Release|Any CPU.ActiveCfg = Release|Any CPU
		{5F68EA03-FBF7-47E4-A49C-7BFB69806FC1}.Release|Any CPU.Build.0 = Release|Any CPU
		{5F68EA03-FBF7-47E4-A49C-7BFB69806FC1}.Release|x64.ActiveCfg = Release|Any CPU
		{5F68EA03-FBF7-47E4-A49C-7BFB69806FC1}.Release|x64.Build.0 = Release|Any CPU
		{5F68EA03-FBF7-47E4-A49C-7BFB69806FC1}.Release|x86.ActiveCfg = Release|Any CPU
		{5F68EA03-FBF7-47E4-A49C-7BFB69806FC1}.Release|x86.Build.0 = Release|Any CPU
		{69D76EB1-28CF-43BF-AD0E-486D76A401EE}.Debug|Any CPU.ActiveCfg = Debug|Any CPU
		{69D76EB1-28CF-43BF-AD0E-486D76A401EE}.Debug|Any CPU.Build.0 = Debug|Any CPU
		{69D76EB1-28CF-43BF-AD0E-486D76A401EE}.Debug|x64.ActiveCfg = Debug|Any CPU
		{69D76EB1-28CF-43BF-AD0E-486D76A401EE}.Debug|x64.Build.0 = Debug|Any CPU
		{69D76EB1-28CF-43BF-AD0E-486D76A401EE}.Debug|x86.ActiveCfg = Debug|Any CPU
		{69D76EB1-28CF-43BF-AD0E-486D76A401EE}.Debug|x86.Build.0 = Debug|Any CPU
		{69D76EB1-28CF-43BF-AD0E-486D76A401EE}.Release|Any CPU.ActiveCfg = Release|Any CPU
		{69D76EB1-28CF-43BF-AD0E-486D76A401EE}.Release|Any CPU.Build.0 = Release|Any CPU
		{69D76EB1-28CF-43BF-AD0E-486D76A401EE}.Release|x64.ActiveCfg = Release|Any CPU
		{69D76EB1-28CF-43BF-AD0E-486D76A401EE}.Release|x64.Build.0 = Release|Any CPU
		{69D76EB1-28CF-43BF-AD0E-486D76A401EE}.Release|x86.ActiveCfg = Release|Any CPU
		{69D76EB1-28CF-43BF-AD0E-486D76A401EE}.Release|x86.Build.0 = Release|Any CPU
		{031A37F6-6EA8-4A6E-90DF-D88150366AE1}.Debug|Any CPU.ActiveCfg = Debug|Any CPU
		{031A37F6-6EA8-4A6E-90DF-D88150366AE1}.Debug|Any CPU.Build.0 = Debug|Any CPU
		{031A37F6-6EA8-4A6E-90DF-D88150366AE1}.Debug|x64.ActiveCfg = Debug|Any CPU
		{031A37F6-6EA8-4A6E-90DF-D88150366AE1}.Debug|x64.Build.0 = Debug|Any CPU
		{031A37F6-6EA8-4A6E-90DF-D88150366AE1}.Debug|x86.ActiveCfg = Debug|Any CPU
		{031A37F6-6EA8-4A6E-90DF-D88150366AE1}.Debug|x86.Build.0 = Debug|Any CPU
		{031A37F6-6EA8-4A6E-90DF-D88150366AE1}.Release|Any CPU.ActiveCfg = Release|Any CPU
		{031A37F6-6EA8-4A6E-90DF-D88150366AE1}.Release|Any CPU.Build.0 = Release|Any CPU
		{031A37F6-6EA8-4A6E-90DF-D88150366AE1}.Release|x64.ActiveCfg = Release|Any CPU
		{031A37F6-6EA8-4A6E-90DF-D88150366AE1}.Release|x64.Build.0 = Release|Any CPU
		{031A37F6-6EA8-4A6E-90DF-D88150366AE1}.Release|x86.ActiveCfg = Release|Any CPU
		{031A37F6-6EA8-4A6E-90DF-D88150366AE1}.Release|x86.Build.0 = Release|Any CPU
		{E73EB22C-827D-4F4F-8860-E0DD0B3CFD0E}.Debug|Any CPU.ActiveCfg = Debug|Any CPU
		{E73EB22C-827D-4F4F-8860-E0DD0B3CFD0E}.Debug|Any CPU.Build.0 = Debug|Any CPU
		{E73EB22C-827D-4F4F-8860-E0DD0B3CFD0E}.Debug|x64.ActiveCfg = Debug|Any CPU
		{E73EB22C-827D-4F4F-8860-E0DD0B3CFD0E}.Debug|x64.Build.0 = Debug|Any CPU
		{E73EB22C-827D-4F4F-8860-E0DD0B3CFD0E}.Debug|x86.ActiveCfg = Debug|Any CPU
		{E73EB22C-827D-4F4F-8860-E0DD0B3CFD0E}.Debug|x86.Build.0 = Debug|Any CPU
		{E73EB22C-827D-4F4F-8860-E0DD0B3CFD0E}.Release|Any CPU.ActiveCfg = Release|Any CPU
		{E73EB22C-827D-4F4F-8860-E0DD0B3CFD0E}.Release|Any CPU.Build.0 = Release|Any CPU
		{E73EB22C-827D-4F4F-8860-E0DD0B3CFD0E}.Release|x64.ActiveCfg = Release|Any CPU
		{E73EB22C-827D-4F4F-8860-E0DD0B3CFD0E}.Release|x64.Build.0 = Release|Any CPU
		{E73EB22C-827D-4F4F-8860-E0DD0B3CFD0E}.Release|x86.ActiveCfg = Release|Any CPU
		{E73EB22C-827D-4F4F-8860-E0DD0B3CFD0E}.Release|x86.Build.0 = Release|Any CPU
		{6E2881DE-ACE7-4667-94FF-CAB45969BBFE}.Debug|Any CPU.ActiveCfg = Debug|Any CPU
		{6E2881DE-ACE7-4667-94FF-CAB45969BBFE}.Debug|Any CPU.Build.0 = Debug|Any CPU
		{6E2881DE-ACE7-4667-94FF-CAB45969BBFE}.Debug|x64.ActiveCfg = Debug|Any CPU
		{6E2881DE-ACE7-4667-94FF-CAB45969BBFE}.Debug|x64.Build.0 = Debug|Any CPU
		{6E2881DE-ACE7-4667-94FF-CAB45969BBFE}.Debug|x86.ActiveCfg = Debug|Any CPU
		{6E2881DE-ACE7-4667-94FF-CAB45969BBFE}.Debug|x86.Build.0 = Debug|Any CPU
		{6E2881DE-ACE7-4667-94FF-CAB45969BBFE}.Release|Any CPU.ActiveCfg = Release|Any CPU
		{6E2881DE-ACE7-4667-94FF-CAB45969BBFE}.Release|Any CPU.Build.0 = Release|Any CPU
		{6E2881DE-ACE7-4667-94FF-CAB45969BBFE}.Release|x64.ActiveCfg = Release|Any CPU
		{6E2881DE-ACE7-4667-94FF-CAB45969BBFE}.Release|x64.Build.0 = Release|Any CPU
		{6E2881DE-ACE7-4667-94FF-CAB45969BBFE}.Release|x86.ActiveCfg = Release|Any CPU
		{6E2881DE-ACE7-4667-94FF-CAB45969BBFE}.Release|x86.Build.0 = Release|Any CPU
		{6FC7B57E-FD71-4DC5-B262-567D762CD996}.Debug|Any CPU.ActiveCfg = Debug|Any CPU
		{6FC7B57E-FD71-4DC5-B262-567D762CD996}.Debug|Any CPU.Build.0 = Debug|Any CPU
		{6FC7B57E-FD71-4DC5-B262-567D762CD996}.Debug|x64.ActiveCfg = Debug|Any CPU
		{6FC7B57E-FD71-4DC5-B262-567D762CD996}.Debug|x64.Build.0 = Debug|Any CPU
		{6FC7B57E-FD71-4DC5-B262-567D762CD996}.Debug|x86.ActiveCfg = Debug|Any CPU
		{6FC7B57E-FD71-4DC5-B262-567D762CD996}.Debug|x86.Build.0 = Debug|Any CPU
		{6FC7B57E-FD71-4DC5-B262-567D762CD996}.Release|Any CPU.ActiveCfg = Release|Any CPU
		{6FC7B57E-FD71-4DC5-B262-567D762CD996}.Release|Any CPU.Build.0 = Release|Any CPU
		{6FC7B57E-FD71-4DC5-B262-567D762CD996}.Release|x64.ActiveCfg = Release|Any CPU
		{6FC7B57E-FD71-4DC5-B262-567D762CD996}.Release|x64.Build.0 = Release|Any CPU
		{6FC7B57E-FD71-4DC5-B262-567D762CD996}.Release|x86.ActiveCfg = Release|Any CPU
		{6FC7B57E-FD71-4DC5-B262-567D762CD996}.Release|x86.Build.0 = Release|Any CPU
		{F19890AC-9CB1-4091-A67A-A8297587C169}.Debug|Any CPU.ActiveCfg = Debug|Any CPU
		{F19890AC-9CB1-4091-A67A-A8297587C169}.Debug|Any CPU.Build.0 = Debug|Any CPU
		{F19890AC-9CB1-4091-A67A-A8297587C169}.Debug|x64.ActiveCfg = Debug|Any CPU
		{F19890AC-9CB1-4091-A67A-A8297587C169}.Debug|x64.Build.0 = Debug|Any CPU
		{F19890AC-9CB1-4091-A67A-A8297587C169}.Debug|x86.ActiveCfg = Debug|Any CPU
		{F19890AC-9CB1-4091-A67A-A8297587C169}.Debug|x86.Build.0 = Debug|Any CPU
		{F19890AC-9CB1-4091-A67A-A8297587C169}.Release|Any CPU.ActiveCfg = Release|Any CPU
		{F19890AC-9CB1-4091-A67A-A8297587C169}.Release|Any CPU.Build.0 = Release|Any CPU
		{F19890AC-9CB1-4091-A67A-A8297587C169}.Release|x64.ActiveCfg = Release|Any CPU
		{F19890AC-9CB1-4091-A67A-A8297587C169}.Release|x64.Build.0 = Release|Any CPU
		{F19890AC-9CB1-4091-A67A-A8297587C169}.Release|x86.ActiveCfg = Release|Any CPU
		{F19890AC-9CB1-4091-A67A-A8297587C169}.Release|x86.Build.0 = Release|Any CPU
		{E573BCBD-4DC1-4CAC-813F-CE1089DB43E5}.Debug|Any CPU.ActiveCfg = Debug|Any CPU
		{E573BCBD-4DC1-4CAC-813F-CE1089DB43E5}.Debug|Any CPU.Build.0 = Debug|Any CPU
		{E573BCBD-4DC1-4CAC-813F-CE1089DB43E5}.Debug|x64.ActiveCfg = Debug|Any CPU
		{E573BCBD-4DC1-4CAC-813F-CE1089DB43E5}.Debug|x64.Build.0 = Debug|Any CPU
		{E573BCBD-4DC1-4CAC-813F-CE1089DB43E5}.Debug|x86.ActiveCfg = Debug|Any CPU
		{E573BCBD-4DC1-4CAC-813F-CE1089DB43E5}.Debug|x86.Build.0 = Debug|Any CPU
		{E573BCBD-4DC1-4CAC-813F-CE1089DB43E5}.Release|Any CPU.ActiveCfg = Release|Any CPU
		{E573BCBD-4DC1-4CAC-813F-CE1089DB43E5}.Release|Any CPU.Build.0 = Release|Any CPU
		{E573BCBD-4DC1-4CAC-813F-CE1089DB43E5}.Release|x64.ActiveCfg = Release|Any CPU
		{E573BCBD-4DC1-4CAC-813F-CE1089DB43E5}.Release|x64.Build.0 = Release|Any CPU
		{E573BCBD-4DC1-4CAC-813F-CE1089DB43E5}.Release|x86.ActiveCfg = Release|Any CPU
		{E573BCBD-4DC1-4CAC-813F-CE1089DB43E5}.Release|x86.Build.0 = Release|Any CPU
		{DA82AE31-4A1C-488C-9987-76CF4D2B643C}.Debug|Any CPU.ActiveCfg = Debug|Any CPU
		{DA82AE31-4A1C-488C-9987-76CF4D2B643C}.Debug|Any CPU.Build.0 = Debug|Any CPU
		{DA82AE31-4A1C-488C-9987-76CF4D2B643C}.Debug|x64.ActiveCfg = Debug|Any CPU
		{DA82AE31-4A1C-488C-9987-76CF4D2B643C}.Debug|x64.Build.0 = Debug|Any CPU
		{DA82AE31-4A1C-488C-9987-76CF4D2B643C}.Debug|x86.ActiveCfg = Debug|Any CPU
		{DA82AE31-4A1C-488C-9987-76CF4D2B643C}.Debug|x86.Build.0 = Debug|Any CPU
		{DA82AE31-4A1C-488C-9987-76CF4D2B643C}.Release|Any CPU.ActiveCfg = Release|Any CPU
		{DA82AE31-4A1C-488C-9987-76CF4D2B643C}.Release|Any CPU.Build.0 = Release|Any CPU
		{DA82AE31-4A1C-488C-9987-76CF4D2B643C}.Release|x64.ActiveCfg = Release|Any CPU
		{DA82AE31-4A1C-488C-9987-76CF4D2B643C}.Release|x64.Build.0 = Release|Any CPU
		{DA82AE31-4A1C-488C-9987-76CF4D2B643C}.Release|x86.ActiveCfg = Release|Any CPU
		{DA82AE31-4A1C-488C-9987-76CF4D2B643C}.Release|x86.Build.0 = Release|Any CPU
		{5AB0B01D-6F8C-4766-8719-C4014ADFF4BB}.Debug|Any CPU.ActiveCfg = Debug|Any CPU
		{5AB0B01D-6F8C-4766-8719-C4014ADFF4BB}.Debug|Any CPU.Build.0 = Debug|Any CPU
		{5AB0B01D-6F8C-4766-8719-C4014ADFF4BB}.Debug|x64.ActiveCfg = Debug|Any CPU
		{5AB0B01D-6F8C-4766-8719-C4014ADFF4BB}.Debug|x64.Build.0 = Debug|Any CPU
		{5AB0B01D-6F8C-4766-8719-C4014ADFF4BB}.Debug|x86.ActiveCfg = Debug|Any CPU
		{5AB0B01D-6F8C-4766-8719-C4014ADFF4BB}.Debug|x86.Build.0 = Debug|Any CPU
		{5AB0B01D-6F8C-4766-8719-C4014ADFF4BB}.Release|Any CPU.ActiveCfg = Release|Any CPU
		{5AB0B01D-6F8C-4766-8719-C4014ADFF4BB}.Release|Any CPU.Build.0 = Release|Any CPU
		{5AB0B01D-6F8C-4766-8719-C4014ADFF4BB}.Release|x64.ActiveCfg = Release|Any CPU
		{5AB0B01D-6F8C-4766-8719-C4014ADFF4BB}.Release|x64.Build.0 = Release|Any CPU
		{5AB0B01D-6F8C-4766-8719-C4014ADFF4BB}.Release|x86.ActiveCfg = Release|Any CPU
		{5AB0B01D-6F8C-4766-8719-C4014ADFF4BB}.Release|x86.Build.0 = Release|Any CPU
		{4652F902-F30A-4EBC-BE25-2EFE0587FD05}.Debug|Any CPU.ActiveCfg = Debug|Any CPU
		{4652F902-F30A-4EBC-BE25-2EFE0587FD05}.Debug|Any CPU.Build.0 = Debug|Any CPU
		{4652F902-F30A-4EBC-BE25-2EFE0587FD05}.Debug|x64.ActiveCfg = Debug|Any CPU
		{4652F902-F30A-4EBC-BE25-2EFE0587FD05}.Debug|x64.Build.0 = Debug|Any CPU
		{4652F902-F30A-4EBC-BE25-2EFE0587FD05}.Debug|x86.ActiveCfg = Debug|Any CPU
		{4652F902-F30A-4EBC-BE25-2EFE0587FD05}.Debug|x86.Build.0 = Debug|Any CPU
		{4652F902-F30A-4EBC-BE25-2EFE0587FD05}.Release|Any CPU.ActiveCfg = Release|Any CPU
		{4652F902-F30A-4EBC-BE25-2EFE0587FD05}.Release|Any CPU.Build.0 = Release|Any CPU
		{4652F902-F30A-4EBC-BE25-2EFE0587FD05}.Release|x64.ActiveCfg = Release|Any CPU
		{4652F902-F30A-4EBC-BE25-2EFE0587FD05}.Release|x64.Build.0 = Release|Any CPU
		{4652F902-F30A-4EBC-BE25-2EFE0587FD05}.Release|x86.ActiveCfg = Release|Any CPU
		{4652F902-F30A-4EBC-BE25-2EFE0587FD05}.Release|x86.Build.0 = Release|Any CPU
		{A63496E9-2D20-4C48-82CB-9FE427F3CDD7}.Debug|Any CPU.ActiveCfg = Debug|Any CPU
		{A63496E9-2D20-4C48-82CB-9FE427F3CDD7}.Debug|Any CPU.Build.0 = Debug|Any CPU
		{A63496E9-2D20-4C48-82CB-9FE427F3CDD7}.Debug|x64.ActiveCfg = Debug|Any CPU
		{A63496E9-2D20-4C48-82CB-9FE427F3CDD7}.Debug|x64.Build.0 = Debug|Any CPU
		{A63496E9-2D20-4C48-82CB-9FE427F3CDD7}.Debug|x86.ActiveCfg = Debug|Any CPU
		{A63496E9-2D20-4C48-82CB-9FE427F3CDD7}.Debug|x86.Build.0 = Debug|Any CPU
		{A63496E9-2D20-4C48-82CB-9FE427F3CDD7}.Release|Any CPU.ActiveCfg = Release|Any CPU
		{A63496E9-2D20-4C48-82CB-9FE427F3CDD7}.Release|Any CPU.Build.0 = Release|Any CPU
		{A63496E9-2D20-4C48-82CB-9FE427F3CDD7}.Release|x64.ActiveCfg = Release|Any CPU
		{A63496E9-2D20-4C48-82CB-9FE427F3CDD7}.Release|x64.Build.0 = Release|Any CPU
		{A63496E9-2D20-4C48-82CB-9FE427F3CDD7}.Release|x86.ActiveCfg = Release|Any CPU
		{A63496E9-2D20-4C48-82CB-9FE427F3CDD7}.Release|x86.Build.0 = Release|Any CPU
		{66A9F06D-C82A-44EB-875D-B046F18203DF}.Debug|Any CPU.ActiveCfg = Debug|Any CPU
		{66A9F06D-C82A-44EB-875D-B046F18203DF}.Debug|Any CPU.Build.0 = Debug|Any CPU
		{66A9F06D-C82A-44EB-875D-B046F18203DF}.Debug|x64.ActiveCfg = Debug|Any CPU
		{66A9F06D-C82A-44EB-875D-B046F18203DF}.Debug|x64.Build.0 = Debug|Any CPU
		{66A9F06D-C82A-44EB-875D-B046F18203DF}.Debug|x86.ActiveCfg = Debug|Any CPU
		{66A9F06D-C82A-44EB-875D-B046F18203DF}.Debug|x86.Build.0 = Debug|Any CPU
		{66A9F06D-C82A-44EB-875D-B046F18203DF}.Release|Any CPU.ActiveCfg = Release|Any CPU
		{66A9F06D-C82A-44EB-875D-B046F18203DF}.Release|Any CPU.Build.0 = Release|Any CPU
		{66A9F06D-C82A-44EB-875D-B046F18203DF}.Release|x64.ActiveCfg = Release|Any CPU
		{66A9F06D-C82A-44EB-875D-B046F18203DF}.Release|x64.Build.0 = Release|Any CPU
		{66A9F06D-C82A-44EB-875D-B046F18203DF}.Release|x86.ActiveCfg = Release|Any CPU
		{66A9F06D-C82A-44EB-875D-B046F18203DF}.Release|x86.Build.0 = Release|Any CPU
	EndGlobalSection
	GlobalSection(SolutionProperties) = preSolution
		HideSolutionNode = FALSE
	EndGlobalSection
	GlobalSection(ExtensibilityGlobals) = postSolution
		SolutionGuid = {FF80FE73-31F6-4842-B2F4-5C7B51BD8E7D}
	EndGlobalSection
EndGlobal
