
Microsoft Visual Studio Solution File, Format Version 12.00
# Visual Studio Version 16
VisualStudioVersion = 16.0.30717.126
MinimumVisualStudioVersion = 15.0.26124.0
Project("{9A19103F-16F7-4668-BE54-9A1E7A4F7556}") = "ExpenseReport", "ExpenseReport\ExpenseReport.csproj", "{C1FA0CB8-FC57-46D0-B253-E9FAEDAE5DB3}"
EndProject
Project("{9A19103F-16F7-4668-BE54-9A1E7A4F7556}") = "Tests", "Tests\Tests.csproj", "{F9A96D8F-FADD-47CE-89E5-10944C68171A}"
EndProject
Project("{9A19103F-16F7-4668-BE54-9A1E7A4F7556}") = "PuzzleInput", "Helpers\PuzzleInput.csproj", "{3DB7BA65-E897-44BA-AFD9-EC2AC53377F0}"
EndProject
Project("{FAE04EC0-301F-11D3-BF4B-00C04F79EFBC}") = "PasswordValidator", "PasswordValidator\PasswordValidator.csproj", "{C372B265-A035-41CA-82B3-3FA7ADE4F8B2}"
EndProject
Project("{FAE04EC0-301F-11D3-BF4B-00C04F79EFBC}") = "TobogganTrajectory", "TobogganTrajectory\TobogganTrajectory.csproj", "{88C1696F-D187-4B7C-9A7C-BBE9025969D9}"
EndProject
Project("{FAE04EC0-301F-11D3-BF4B-00C04F79EFBC}") = "TobogganTrajectory.Tests", "TobogganTrajectory.Tests\TobogganTrajectory.Tests.csproj", "{73F7CD6C-473C-4837-B96E-ECE61B268C31}"
EndProject
Project("{FAE04EC0-301F-11D3-BF4B-00C04F79EFBC}") = "Tools", "Tools\Tools.csproj", "{F33FEF77-C130-450A-AAF1-D7D218BE201D}"
EndProject
Project("{FAE04EC0-301F-11D3-BF4B-00C04F79EFBC}") = "Tools.Tests", "Tools.Tests\Tools.Tests.csproj", "{F8088611-DA22-4465-B530-036580533DDC}"
EndProject
Global
	GlobalSection(SolutionConfigurationPlatforms) = preSolution
		Debug|Any CPU = Debug|Any CPU
		Debug|x64 = Debug|x64
		Debug|x86 = Debug|x86
		Release|Any CPU = Release|Any CPU
		Release|x64 = Release|x64
		Release|x86 = Release|x86
	EndGlobalSection
	GlobalSection(ProjectConfigurationPlatforms) = postSolution
		{C1FA0CB8-FC57-46D0-B253-E9FAEDAE5DB3}.Debug|Any CPU.ActiveCfg = Debug|Any CPU
		{C1FA0CB8-FC57-46D0-B253-E9FAEDAE5DB3}.Debug|Any CPU.Build.0 = Debug|Any CPU
		{C1FA0CB8-FC57-46D0-B253-E9FAEDAE5DB3}.Debug|x64.ActiveCfg = Debug|Any CPU
		{C1FA0CB8-FC57-46D0-B253-E9FAEDAE5DB3}.Debug|x64.Build.0 = Debug|Any CPU
		{C1FA0CB8-FC57-46D0-B253-E9FAEDAE5DB3}.Debug|x86.ActiveCfg = Debug|Any CPU
		{C1FA0CB8-FC57-46D0-B253-E9FAEDAE5DB3}.Debug|x86.Build.0 = Debug|Any CPU
		{C1FA0CB8-FC57-46D0-B253-E9FAEDAE5DB3}.Release|Any CPU.ActiveCfg = Release|Any CPU
		{C1FA0CB8-FC57-46D0-B253-E9FAEDAE5DB3}.Release|Any CPU.Build.0 = Release|Any CPU
		{C1FA0CB8-FC57-46D0-B253-E9FAEDAE5DB3}.Release|x64.ActiveCfg = Release|Any CPU
		{C1FA0CB8-FC57-46D0-B253-E9FAEDAE5DB3}.Release|x64.Build.0 = Release|Any CPU
		{C1FA0CB8-FC57-46D0-B253-E9FAEDAE5DB3}.Release|x86.ActiveCfg = Release|Any CPU
		{C1FA0CB8-FC57-46D0-B253-E9FAEDAE5DB3}.Release|x86.Build.0 = Release|Any CPU
		{F9A96D8F-FADD-47CE-89E5-10944C68171A}.Debug|Any CPU.ActiveCfg = Debug|Any CPU
		{F9A96D8F-FADD-47CE-89E5-10944C68171A}.Debug|Any CPU.Build.0 = Debug|Any CPU
		{F9A96D8F-FADD-47CE-89E5-10944C68171A}.Debug|x64.ActiveCfg = Debug|Any CPU
		{F9A96D8F-FADD-47CE-89E5-10944C68171A}.Debug|x64.Build.0 = Debug|Any CPU
		{F9A96D8F-FADD-47CE-89E5-10944C68171A}.Debug|x86.ActiveCfg = Debug|Any CPU
		{F9A96D8F-FADD-47CE-89E5-10944C68171A}.Debug|x86.Build.0 = Debug|Any CPU
		{F9A96D8F-FADD-47CE-89E5-10944C68171A}.Release|Any CPU.ActiveCfg = Release|Any CPU
		{F9A96D8F-FADD-47CE-89E5-10944C68171A}.Release|Any CPU.Build.0 = Release|Any CPU
		{F9A96D8F-FADD-47CE-89E5-10944C68171A}.Release|x64.ActiveCfg = Release|Any CPU
		{F9A96D8F-FADD-47CE-89E5-10944C68171A}.Release|x64.Build.0 = Release|Any CPU
		{F9A96D8F-FADD-47CE-89E5-10944C68171A}.Release|x86.ActiveCfg = Release|Any CPU
		{F9A96D8F-FADD-47CE-89E5-10944C68171A}.Release|x86.Build.0 = Release|Any CPU
		{3DB7BA65-E897-44BA-AFD9-EC2AC53377F0}.Debug|Any CPU.ActiveCfg = Debug|Any CPU
		{3DB7BA65-E897-44BA-AFD9-EC2AC53377F0}.Debug|Any CPU.Build.0 = Debug|Any CPU
		{3DB7BA65-E897-44BA-AFD9-EC2AC53377F0}.Debug|x64.ActiveCfg = Debug|Any CPU
		{3DB7BA65-E897-44BA-AFD9-EC2AC53377F0}.Debug|x64.Build.0 = Debug|Any CPU
		{3DB7BA65-E897-44BA-AFD9-EC2AC53377F0}.Debug|x86.ActiveCfg = Debug|Any CPU
		{3DB7BA65-E897-44BA-AFD9-EC2AC53377F0}.Debug|x86.Build.0 = Debug|Any CPU
		{3DB7BA65-E897-44BA-AFD9-EC2AC53377F0}.Release|Any CPU.ActiveCfg = Release|Any CPU
		{3DB7BA65-E897-44BA-AFD9-EC2AC53377F0}.Release|Any CPU.Build.0 = Release|Any CPU
		{3DB7BA65-E897-44BA-AFD9-EC2AC53377F0}.Release|x64.ActiveCfg = Release|Any CPU
		{3DB7BA65-E897-44BA-AFD9-EC2AC53377F0}.Release|x64.Build.0 = Release|Any CPU
		{3DB7BA65-E897-44BA-AFD9-EC2AC53377F0}.Release|x86.ActiveCfg = Release|Any CPU
		{3DB7BA65-E897-44BA-AFD9-EC2AC53377F0}.Release|x86.Build.0 = Release|Any CPU
		{C372B265-A035-41CA-82B3-3FA7ADE4F8B2}.Debug|Any CPU.ActiveCfg = Debug|Any CPU
		{C372B265-A035-41CA-82B3-3FA7ADE4F8B2}.Debug|Any CPU.Build.0 = Debug|Any CPU
		{C372B265-A035-41CA-82B3-3FA7ADE4F8B2}.Debug|x64.ActiveCfg = Debug|Any CPU
		{C372B265-A035-41CA-82B3-3FA7ADE4F8B2}.Debug|x64.Build.0 = Debug|Any CPU
		{C372B265-A035-41CA-82B3-3FA7ADE4F8B2}.Debug|x86.ActiveCfg = Debug|Any CPU
		{C372B265-A035-41CA-82B3-3FA7ADE4F8B2}.Debug|x86.Build.0 = Debug|Any CPU
		{C372B265-A035-41CA-82B3-3FA7ADE4F8B2}.Release|Any CPU.ActiveCfg = Release|Any CPU
		{C372B265-A035-41CA-82B3-3FA7ADE4F8B2}.Release|Any CPU.Build.0 = Release|Any CPU
		{C372B265-A035-41CA-82B3-3FA7ADE4F8B2}.Release|x64.ActiveCfg = Release|Any CPU
		{C372B265-A035-41CA-82B3-3FA7ADE4F8B2}.Release|x64.Build.0 = Release|Any CPU
		{C372B265-A035-41CA-82B3-3FA7ADE4F8B2}.Release|x86.ActiveCfg = Release|Any CPU
		{C372B265-A035-41CA-82B3-3FA7ADE4F8B2}.Release|x86.Build.0 = Release|Any CPU
		{88C1696F-D187-4B7C-9A7C-BBE9025969D9}.Debug|Any CPU.ActiveCfg = Debug|Any CPU
		{88C1696F-D187-4B7C-9A7C-BBE9025969D9}.Debug|Any CPU.Build.0 = Debug|Any CPU
		{88C1696F-D187-4B7C-9A7C-BBE9025969D9}.Debug|x64.ActiveCfg = Debug|Any CPU
		{88C1696F-D187-4B7C-9A7C-BBE9025969D9}.Debug|x64.Build.0 = Debug|Any CPU
		{88C1696F-D187-4B7C-9A7C-BBE9025969D9}.Debug|x86.ActiveCfg = Debug|Any CPU
		{88C1696F-D187-4B7C-9A7C-BBE9025969D9}.Debug|x86.Build.0 = Debug|Any CPU
		{88C1696F-D187-4B7C-9A7C-BBE9025969D9}.Release|Any CPU.ActiveCfg = Release|Any CPU
		{88C1696F-D187-4B7C-9A7C-BBE9025969D9}.Release|Any CPU.Build.0 = Release|Any CPU
		{88C1696F-D187-4B7C-9A7C-BBE9025969D9}.Release|x64.ActiveCfg = Release|Any CPU
		{88C1696F-D187-4B7C-9A7C-BBE9025969D9}.Release|x64.Build.0 = Release|Any CPU
		{88C1696F-D187-4B7C-9A7C-BBE9025969D9}.Release|x86.ActiveCfg = Release|Any CPU
		{88C1696F-D187-4B7C-9A7C-BBE9025969D9}.Release|x86.Build.0 = Release|Any CPU
		{73F7CD6C-473C-4837-B96E-ECE61B268C31}.Debug|Any CPU.ActiveCfg = Debug|Any CPU
		{73F7CD6C-473C-4837-B96E-ECE61B268C31}.Debug|Any CPU.Build.0 = Debug|Any CPU
		{73F7CD6C-473C-4837-B96E-ECE61B268C31}.Debug|x64.ActiveCfg = Debug|Any CPU
		{73F7CD6C-473C-4837-B96E-ECE61B268C31}.Debug|x64.Build.0 = Debug|Any CPU
		{73F7CD6C-473C-4837-B96E-ECE61B268C31}.Debug|x86.ActiveCfg = Debug|Any CPU
		{73F7CD6C-473C-4837-B96E-ECE61B268C31}.Debug|x86.Build.0 = Debug|Any CPU
		{73F7CD6C-473C-4837-B96E-ECE61B268C31}.Release|Any CPU.ActiveCfg = Release|Any CPU
		{73F7CD6C-473C-4837-B96E-ECE61B268C31}.Release|Any CPU.Build.0 = Release|Any CPU
		{73F7CD6C-473C-4837-B96E-ECE61B268C31}.Release|x64.ActiveCfg = Release|Any CPU
		{73F7CD6C-473C-4837-B96E-ECE61B268C31}.Release|x64.Build.0 = Release|Any CPU
		{73F7CD6C-473C-4837-B96E-ECE61B268C31}.Release|x86.ActiveCfg = Release|Any CPU
		{73F7CD6C-473C-4837-B96E-ECE61B268C31}.Release|x86.Build.0 = Release|Any CPU
		{F33FEF77-C130-450A-AAF1-D7D218BE201D}.Debug|Any CPU.ActiveCfg = Debug|Any CPU
		{F33FEF77-C130-450A-AAF1-D7D218BE201D}.Debug|Any CPU.Build.0 = Debug|Any CPU
		{F33FEF77-C130-450A-AAF1-D7D218BE201D}.Debug|x64.ActiveCfg = Debug|Any CPU
		{F33FEF77-C130-450A-AAF1-D7D218BE201D}.Debug|x64.Build.0 = Debug|Any CPU
		{F33FEF77-C130-450A-AAF1-D7D218BE201D}.Debug|x86.ActiveCfg = Debug|Any CPU
		{F33FEF77-C130-450A-AAF1-D7D218BE201D}.Debug|x86.Build.0 = Debug|Any CPU
		{F33FEF77-C130-450A-AAF1-D7D218BE201D}.Release|Any CPU.ActiveCfg = Release|Any CPU
		{F33FEF77-C130-450A-AAF1-D7D218BE201D}.Release|Any CPU.Build.0 = Release|Any CPU
		{F33FEF77-C130-450A-AAF1-D7D218BE201D}.Release|x64.ActiveCfg = Release|Any CPU
		{F33FEF77-C130-450A-AAF1-D7D218BE201D}.Release|x64.Build.0 = Release|Any CPU
		{F33FEF77-C130-450A-AAF1-D7D218BE201D}.Release|x86.ActiveCfg = Release|Any CPU
		{F33FEF77-C130-450A-AAF1-D7D218BE201D}.Release|x86.Build.0 = Release|Any CPU
		{F8088611-DA22-4465-B530-036580533DDC}.Debug|Any CPU.ActiveCfg = Debug|Any CPU
		{F8088611-DA22-4465-B530-036580533DDC}.Debug|Any CPU.Build.0 = Debug|Any CPU
		{F8088611-DA22-4465-B530-036580533DDC}.Debug|x64.ActiveCfg = Debug|Any CPU
		{F8088611-DA22-4465-B530-036580533DDC}.Debug|x64.Build.0 = Debug|Any CPU
		{F8088611-DA22-4465-B530-036580533DDC}.Debug|x86.ActiveCfg = Debug|Any CPU
		{F8088611-DA22-4465-B530-036580533DDC}.Debug|x86.Build.0 = Debug|Any CPU
		{F8088611-DA22-4465-B530-036580533DDC}.Release|Any CPU.ActiveCfg = Release|Any CPU
		{F8088611-DA22-4465-B530-036580533DDC}.Release|Any CPU.Build.0 = Release|Any CPU
		{F8088611-DA22-4465-B530-036580533DDC}.Release|x64.ActiveCfg = Release|Any CPU
		{F8088611-DA22-4465-B530-036580533DDC}.Release|x64.Build.0 = Release|Any CPU
		{F8088611-DA22-4465-B530-036580533DDC}.Release|x86.ActiveCfg = Release|Any CPU
		{F8088611-DA22-4465-B530-036580533DDC}.Release|x86.Build.0 = Release|Any CPU
	EndGlobalSection
	GlobalSection(SolutionProperties) = preSolution
		HideSolutionNode = FALSE
	EndGlobalSection
	GlobalSection(ExtensibilityGlobals) = postSolution
		SolutionGuid = {FF80FE73-31F6-4842-B2F4-5C7B51BD8E7D}
	EndGlobalSection
EndGlobal
