Microsoft Visual Studio Solution File, Format Version 12.00
# Visual Studio Version 16
VisualStudioVersion = 16.0.29519.87
MinimumVisualStudioVersion = 10.0.40219.1
Project("{9A19103F-16F7-4668-BE54-9A1E7A4F7556}") = "FuelCounterUpper", "FuelCounterUpper\FuelCounterUpper.csproj", "{10F4446F-C668-465C-B821-611624F9F965}"
EndProject
Project("{9A19103F-16F7-4668-BE54-9A1E7A4F7556}") = "Intcode", "Intcode\Intcode.csproj", "{D7C1F240-F9E8-4852-9821-419BAE49C1A9}"
EndProject
Project("{9A19103F-16F7-4668-BE54-9A1E7A4F7556}") = "CrossedWires", "CrossedWires\CrossedWires.csproj", "{A381462E-981F-4777-B267-150954CDE6DC}"
EndProject
Project("{9A19103F-16F7-4668-BE54-9A1E7A4F7556}") = "SantasSpacecraft.Tests", "SantasSpacecraft.Tests\SantasSpacecraft.Tests.csproj", "{E5B168BB-0DC5-4DFB-8B04-6BFC56918BE1}"
EndProject
Global
	GlobalSection(SolutionConfigurationPlatforms) = preSolution
		Debug|Any CPU = Debug|Any CPU
		Release|Any CPU = Release|Any CPU
	EndGlobalSection
	GlobalSection(ProjectConfigurationPlatforms) = postSolution
		{10F4446F-C668-465C-B821-611624F9F965}.Debug|Any CPU.ActiveCfg = Debug|Any CPU
		{10F4446F-C668-465C-B821-611624F9F965}.Debug|Any CPU.Build.0 = Debug|Any CPU
		{10F4446F-C668-465C-B821-611624F9F965}.Release|Any CPU.ActiveCfg = Release|Any CPU
		{10F4446F-C668-465C-B821-611624F9F965}.Release|Any CPU.Build.0 = Release|Any CPU
		{D7C1F240-F9E8-4852-9821-419BAE49C1A9}.Debug|Any CPU.ActiveCfg = Debug|Any CPU
		{D7C1F240-F9E8-4852-9821-419BAE49C1A9}.Debug|Any CPU.Build.0 = Debug|Any CPU
		{D7C1F240-F9E8-4852-9821-419BAE49C1A9}.Release|Any CPU.ActiveCfg = Release|Any CPU
		{D7C1F240-F9E8-4852-9821-419BAE49C1A9}.Release|Any CPU.Build.0 = Release|Any CPU
		{A381462E-981F-4777-B267-150954CDE6DC}.Debug|Any CPU.ActiveCfg = Debug|Any CPU
		{A381462E-981F-4777-B267-150954CDE6DC}.Debug|Any CPU.Build.0 = Debug|Any CPU
		{A381462E-981F-4777-B267-150954CDE6DC}.Release|Any CPU.ActiveCfg = Release|Any CPU
		{A381462E-981F-4777-B267-150954CDE6DC}.Release|Any CPU.Build.0 = Release|Any CPU
		{E5B168BB-0DC5-4DFB-8B04-6BFC56918BE1}.Debug|Any CPU.ActiveCfg = Debug|Any CPU
		{E5B168BB-0DC5-4DFB-8B04-6BFC56918BE1}.Debug|Any CPU.Build.0 = Debug|Any CPU
		{E5B168BB-0DC5-4DFB-8B04-6BFC56918BE1}.Release|Any CPU.ActiveCfg = Release|Any CPU
		{E5B168BB-0DC5-4DFB-8B04-6BFC56918BE1}.Release|Any CPU.Build.0 = Release|Any CPU
	EndGlobalSection
	GlobalSection(SolutionProperties) = preSolution
		HideSolutionNode = FALSE
	EndGlobalSection
	GlobalSection(ExtensibilityGlobals) = postSolution
		SolutionGuid = {A03D0E10-FC14-4762-91FF-9B598B999187}
	EndGlobalSection
EndGlobal
